
Microsoft Visual Studio Solution File, Format Version 12.00
# Visual Studio Version 17
VisualStudioVersion = 17.10.35013.160
MinimumVisualStudioVersion = 10.0.40219.1
Project("{2150E333-8FDC-42A3-9474-1A3956D46DE8}") = "Services", "Services", "{E7D5997D-90D9-4FC4-806B-9881409C7FDE}"
EndProject
Project("{2150E333-8FDC-42A3-9474-1A3956D46DE8}") = "Catalog", "Catalog", "{BEDB2BF4-B5F5-4823-9501-919F0530874A}"
EndProject
Project("{9A19103F-16F7-4668-BE54-9A1E7A4F7556}") = "Catalog.API", "Services\Catalog\Catalog.API\Catalog.API.csproj", "{9201F85C-A1FC-4DE3-80B7-EA0B17E66171}"
EndProject
Project("{2150E333-8FDC-42A3-9474-1A3956D46DE8}") = "BuildingBlocks", "BuildingBlocks", "{C56830E8-9CCD-4EEC-815D-ED3502B8018B}"
EndProject
Project("{9A19103F-16F7-4668-BE54-9A1E7A4F7556}") = "BuildingBlocks", "BuildingBlocks\BuildingBlocks\BuildingBlocks.csproj", "{68E7477D-CBF3-416B-9582-8184FD101A3D}"
EndProject
Project("{E53339B2-1760-4266-BCC7-CA923CBCF16C}") = "docker-compose", "docker-compose.dcproj", "{5E0867A0-AD9A-4D98-A481-7729293B14C8}"
EndProject
Project("{2150E333-8FDC-42A3-9474-1A3956D46DE8}") = "Basket", "Basket", "{21BDF52A-4BE3-43A8-B8AE-C17D160860A3}"
EndProject
Project("{9A19103F-16F7-4668-BE54-9A1E7A4F7556}") = "Basket.API", "Services\Basket\Basket.API\Basket.API.csproj", "{DF576A58-045E-4A64-B1D5-86604BF12AFA}"
EndProject
Project("{2150E333-8FDC-42A3-9474-1A3956D46DE8}") = "Discount", "Discount", "{61065C13-3858-4257-8716-79FCEC0501AE}"
EndProject
Project("{FAE04EC0-301F-11D3-BF4B-00C04F79EFBC}") = "Discount.Grpc", "Services\Discount\Discount.Grpc\Discount.Grpc.csproj", "{FBE08FF8-37DA-4C5E-AE17-B6CD1D477CF0}"
EndProject
Global
	GlobalSection(SolutionConfigurationPlatforms) = preSolution
		Debug|Any CPU = Debug|Any CPU
		Release|Any CPU = Release|Any CPU
	EndGlobalSection
	GlobalSection(ProjectConfigurationPlatforms) = postSolution
		{9201F85C-A1FC-4DE3-80B7-EA0B17E66171}.Debug|Any CPU.ActiveCfg = Debug|Any CPU
		{9201F85C-A1FC-4DE3-80B7-EA0B17E66171}.Debug|Any CPU.Build.0 = Debug|Any CPU
		{9201F85C-A1FC-4DE3-80B7-EA0B17E66171}.Release|Any CPU.ActiveCfg = Release|Any CPU
		{9201F85C-A1FC-4DE3-80B7-EA0B17E66171}.Release|Any CPU.Build.0 = Release|Any CPU
		{68E7477D-CBF3-416B-9582-8184FD101A3D}.Debug|Any CPU.ActiveCfg = Debug|Any CPU
		{68E7477D-CBF3-416B-9582-8184FD101A3D}.Debug|Any CPU.Build.0 = Debug|Any CPU
		{68E7477D-CBF3-416B-9582-8184FD101A3D}.Release|Any CPU.ActiveCfg = Release|Any CPU
		{68E7477D-CBF3-416B-9582-8184FD101A3D}.Release|Any CPU.Build.0 = Release|Any CPU
		{5E0867A0-AD9A-4D98-A481-7729293B14C8}.Debug|Any CPU.ActiveCfg = Debug|Any CPU
		{5E0867A0-AD9A-4D98-A481-7729293B14C8}.Debug|Any CPU.Build.0 = Debug|Any CPU
		{5E0867A0-AD9A-4D98-A481-7729293B14C8}.Release|Any CPU.ActiveCfg = Release|Any CPU
		{5E0867A0-AD9A-4D98-A481-7729293B14C8}.Release|Any CPU.Build.0 = Release|Any CPU
		{DF576A58-045E-4A64-B1D5-86604BF12AFA}.Debug|Any CPU.ActiveCfg = Debug|Any CPU
		{DF576A58-045E-4A64-B1D5-86604BF12AFA}.Debug|Any CPU.Build.0 = Debug|Any CPU
		{DF576A58-045E-4A64-B1D5-86604BF12AFA}.Release|Any CPU.ActiveCfg = Release|Any CPU
		{DF576A58-045E-4A64-B1D5-86604BF12AFA}.Release|Any CPU.Build.0 = Release|Any CPU
		{FBE08FF8-37DA-4C5E-AE17-B6CD1D477CF0}.Debug|Any CPU.ActiveCfg = Debug|Any CPU
		{FBE08FF8-37DA-4C5E-AE17-B6CD1D477CF0}.Debug|Any CPU.Build.0 = Debug|Any CPU
		{FBE08FF8-37DA-4C5E-AE17-B6CD1D477CF0}.Release|Any CPU.ActiveCfg = Release|Any CPU
		{FBE08FF8-37DA-4C5E-AE17-B6CD1D477CF0}.Release|Any CPU.Build.0 = Release|Any CPU
	EndGlobalSection
	GlobalSection(SolutionProperties) = preSolution
		HideSolutionNode = FALSE
	EndGlobalSection
	GlobalSection(NestedProjects) = preSolution
		{BEDB2BF4-B5F5-4823-9501-919F0530874A} = {E7D5997D-90D9-4FC4-806B-9881409C7FDE}
		{9201F85C-A1FC-4DE3-80B7-EA0B17E66171} = {BEDB2BF4-B5F5-4823-9501-919F0530874A}
		{68E7477D-CBF3-416B-9582-8184FD101A3D} = {C56830E8-9CCD-4EEC-815D-ED3502B8018B}
		{21BDF52A-4BE3-43A8-B8AE-C17D160860A3} = {E7D5997D-90D9-4FC4-806B-9881409C7FDE}
		{DF576A58-045E-4A64-B1D5-86604BF12AFA} = {21BDF52A-4BE3-43A8-B8AE-C17D160860A3}
		{61065C13-3858-4257-8716-79FCEC0501AE} = {E7D5997D-90D9-4FC4-806B-9881409C7FDE}
		{FBE08FF8-37DA-4C5E-AE17-B6CD1D477CF0} = {61065C13-3858-4257-8716-79FCEC0501AE}
	EndGlobalSection
	GlobalSection(ExtensibilityGlobals) = postSolution
		SolutionGuid = {A8B28E5A-6473-4A08-8E8B-03A0C6BED6C3}
	EndGlobalSection
EndGlobal
