
Microsoft Visual Studio Solution File, Format Version 12.00
# Visual Studio Version 17
VisualStudioVersion = 17.10.35013.160
MinimumVisualStudioVersion = 10.0.40219.1
Project("{2150E333-8FDC-42A3-9474-1A3956D46DE8}") = "Services", "Services", "{E7D5997D-90D9-4FC4-806B-9881409C7FDE}"
EndProject
Project("{2150E333-8FDC-42A3-9474-1A3956D46DE8}") = "Catalog", "Catalog", "{BEDB2BF4-B5F5-4823-9501-919F0530874A}"
EndProject
Project("{9A19103F-16F7-4668-BE54-9A1E7A4F7556}") = "Catalog.API", "Services\Catalog\Catalog.API\Catalog.API.csproj", "{9201F85C-A1FC-4DE3-80B7-EA0B17E66171}"
EndProject
Project("{2150E333-8FDC-42A3-9474-1A3956D46DE8}") = "BuildingBlocks", "BuildingBlocks", "{C56830E8-9CCD-4EEC-815D-ED3502B8018B}"
EndProject
Project("{9A19103F-16F7-4668-BE54-9A1E7A4F7556}") = "BuildingBlocks", "BuildingBlocks\BuildingBlocks\BuildingBlocks.csproj", "{68E7477D-CBF3-416B-9582-8184FD101A3D}"
EndProject
Project("{E53339B2-1760-4266-BCC7-CA923CBCF16C}") = "docker-compose", "docker-compose.dcproj", "{39D59E1B-B782-4151-918F-3C0C42901847}"
EndProject
Global
	GlobalSection(SolutionConfigurationPlatforms) = preSolution
		Debug|Any CPU = Debug|Any CPU
		Release|Any CPU = Release|Any CPU
	EndGlobalSection
	GlobalSection(ProjectConfigurationPlatforms) = postSolution
		{9201F85C-A1FC-4DE3-80B7-EA0B17E66171}.Debug|Any CPU.ActiveCfg = Debug|Any CPU
		{9201F85C-A1FC-4DE3-80B7-EA0B17E66171}.Debug|Any CPU.Build.0 = Debug|Any CPU
		{9201F85C-A1FC-4DE3-80B7-EA0B17E66171}.Release|Any CPU.ActiveCfg = Release|Any CPU
		{9201F85C-A1FC-4DE3-80B7-EA0B17E66171}.Release|Any CPU.Build.0 = Release|Any CPU
		{68E7477D-CBF3-416B-9582-8184FD101A3D}.Debug|Any CPU.ActiveCfg = Debug|Any CPU
		{68E7477D-CBF3-416B-9582-8184FD101A3D}.Debug|Any CPU.Build.0 = Debug|Any CPU
		{68E7477D-CBF3-416B-9582-8184FD101A3D}.Release|Any CPU.ActiveCfg = Release|Any CPU
		{68E7477D-CBF3-416B-9582-8184FD101A3D}.Release|Any CPU.Build.0 = Release|Any CPU
		{39D59E1B-B782-4151-918F-3C0C42901847}.Debug|Any CPU.ActiveCfg = Debug|Any CPU
		{39D59E1B-B782-4151-918F-3C0C42901847}.Debug|Any CPU.Build.0 = Debug|Any CPU
		{39D59E1B-B782-4151-918F-3C0C42901847}.Release|Any CPU.ActiveCfg = Release|Any CPU
		{39D59E1B-B782-4151-918F-3C0C42901847}.Release|Any CPU.Build.0 = Release|Any CPU
	EndGlobalSection
	GlobalSection(SolutionProperties) = preSolution
		HideSolutionNode = FALSE
	EndGlobalSection
	GlobalSection(NestedProjects) = preSolution
		{BEDB2BF4-B5F5-4823-9501-919F0530874A} = {E7D5997D-90D9-4FC4-806B-9881409C7FDE}
		{9201F85C-A1FC-4DE3-80B7-EA0B17E66171} = {BEDB2BF4-B5F5-4823-9501-919F0530874A}
		{68E7477D-CBF3-416B-9582-8184FD101A3D} = {C56830E8-9CCD-4EEC-815D-ED3502B8018B}
	EndGlobalSection
	GlobalSection(ExtensibilityGlobals) = postSolution
		SolutionGuid = {A8B28E5A-6473-4A08-8E8B-03A0C6BED6C3}
	EndGlobalSection
EndGlobal
